{
  "name": "@modelcontextprotocol/server-grist",
  "version": "0.1.0",
  "lockfileVersion": 3,
  "requires": true,
  "packages": {
    "": {
      "name": "@modelcontextprotocol/server-grist",
      "version": "0.1.0",
      "license": "MIT",
      "dependencies": {
        "find-free-port": "^2.0.0"
      },
      "bin": {
        "mcp-server-grist": "bin/start.js"
      }
    },
    "node_modules/find-free-port": {
      "version": "2.0.0",
      "resolved": "https://registry.npmjs.org/find-free-port/-/find-free-port-2.0.0.tgz",
      "integrity": "sha512-J1j8gfEVf5FN4PR5w5wrZZ7NYs2IvqsHcd03cAeQx3Ec/mo+lKceaVNhpsRKoZpZKbId88o8qh+dwUwzBV6WCg==",
      "license": "ISC"
    }
  }
}
